// !$*UTF8*$!
{
	archiveVersion = 1;
	classes = {
	};
	objectVersion = 54;
	objects = {

/* Begin PBXBuildFile section */
		432E15A52A3C1CAA009A2996 /* OtpGenerator.swift in Sources */ = {isa = PBXBuildFile; fileRef = 432E15A42A3C1CAA009A2996 /* OtpGenerator.swift */; };
		432E15AB2A3C5176009A2996 /* OtpCodeViewController.swift in Sources */ = {isa = PBXBuildFile; fileRef = 432E15AA2A3C5176009A2996 /* OtpCodeViewController.swift */; };
		432E15AD2A3C5195009A2996 /* OtpCodeWarningViewController.swift in Sources */ = {isa = PBXBuildFile; fileRef = 432E15AC2A3C5195009A2996 /* OtpCodeWarningViewController.swift */; };
		43307B4E2A413B7B0097900E /* OtpQrScanViewController.swift in Sources */ = {isa = PBXBuildFile; fileRef = 43307B4D2A413B7B0097900E /* OtpQrScanViewController.swift */; };
		43307B502A413D170097900E /* QrReaderView.swift in Sources */ = {isa = PBXBuildFile; fileRef = 43307B4F2A413D170097900E /* QrReaderView.swift */; };
		43307B542A4162470097900E /* OtpInfo.swift in Sources */ = {isa = PBXBuildFile; fileRef = 43307B532A4162470097900E /* OtpInfo.swift */; };
		43307B562A4166560097900E /* OtpSettingViewController.swift in Sources */ = {isa = PBXBuildFile; fileRef = 43307B552A4166560097900E /* OtpSettingViewController.swift */; };
		43307B5F2A417F0B0097900E /* PasswordChangeCell.swift in Sources */ = {isa = PBXBuildFile; fileRef = 43307B5D2A417F0B0097900E /* PasswordChangeCell.swift */; };
		43307B602A417F0B0097900E /* PasswordChangeCell.xib in Resources */ = {isa = PBXBuildFile; fileRef = 43307B5E2A417F0B0097900E /* PasswordChangeCell.xib */; };
		43307B632A417F4D0097900E /* DeviceAuthCell.swift in Sources */ = {isa = PBXBuildFile; fileRef = 43307B612A417F4D0097900E /* DeviceAuthCell.swift */; };
		43307B642A417F4D0097900E /* DeviceAuthCell.xib in Resources */ = {isa = PBXBuildFile; fileRef = 43307B622A417F4D0097900E /* DeviceAuthCell.xib */; };
		433658402A41977400CF1AF8 /* PasswordChange.storyboard in Resources */ = {isa = PBXBuildFile; fileRef = 4336583F2A41977400CF1AF8 /* PasswordChange.storyboard */; };
		433658422A419A7F00CF1AF8 /* PasswordChangeViewController.swift in Sources */ = {isa = PBXBuildFile; fileRef = 433658412A419A7F00CF1AF8 /* PasswordChangeViewController.swift */; };
		4342EE1D2A316E6B00D02E16 /* NewPassWord.storyboard in Resources */ = {isa = PBXBuildFile; fileRef = 4342EE1C2A316E6B00D02E16 /* NewPassWord.storyboard */; };
		4342EE212A32B71E00D02E16 /* OtpTabbarController.swift in Sources */ = {isa = PBXBuildFile; fileRef = 4342EE202A32B71E00D02E16 /* OtpTabbarController.swift */; };
		4342EE232A32B7AF00D02E16 /* Otp.storyboard in Resources */ = {isa = PBXBuildFile; fileRef = 4342EE222A32B7AF00D02E16 /* Otp.storyboard */; };
		4350D5212A32ED0A00DBE29B /* OtpUserListViewController.swift in Sources */ = {isa = PBXBuildFile; fileRef = 4350D5202A32ED0A00DBE29B /* OtpUserListViewController.swift */; };
		4350D5232A32F50200DBE29B /* OtpViewController.swift in Sources */ = {isa = PBXBuildFile; fileRef = 4350D5222A32F50200DBE29B /* OtpViewController.swift */; };
		4350D5252A32F8B300DBE29B /* OtpUserAdd.storyboard in Resources */ = {isa = PBXBuildFile; fileRef = 4350D5242A32F8B300DBE29B /* OtpUserAdd.storyboard */; };
		4350D5272A32F8E200DBE29B /* OtpUserAddViewController.swift in Sources */ = {isa = PBXBuildFile; fileRef = 4350D5262A32F8E200DBE29B /* OtpUserAddViewController.swift */; };
		435505E72A30743E0038B944 /* AppDelegate.swift in Sources */ = {isa = PBXBuildFile; fileRef = 435505E62A30743E0038B944 /* AppDelegate.swift */; };
		435505E92A30743E0038B944 /* SceneDelegate.swift in Sources */ = {isa = PBXBuildFile; fileRef = 435505E82A30743E0038B944 /* SceneDelegate.swift */; };
		435505EB2A30743E0038B944 /* ViewController.swift in Sources */ = {isa = PBXBuildFile; fileRef = 435505EA2A30743E0038B944 /* ViewController.swift */; };
		435505EE2A30743E0038B944 /* Main.storyboard in Resources */ = {isa = PBXBuildFile; fileRef = 435505EC2A30743E0038B944 /* Main.storyboard */; };
		435505F12A30743E0038B944 /* bandi_otp.xcdatamodeld in Sources */ = {isa = PBXBuildFile; fileRef = 435505EF2A30743E0038B944 /* bandi_otp.xcdatamodeld */; };
		435505F32A30743F0038B944 /* Assets.xcassets in Resources */ = {isa = PBXBuildFile; fileRef = 435505F22A30743F0038B944 /* Assets.xcassets */; };
		435505F62A30743F0038B944 /* LaunchScreen.storyboard in Resources */ = {isa = PBXBuildFile; fileRef = 435505F42A30743F0038B944 /* LaunchScreen.storyboard */; };
		435506012A30743F0038B944 /* bandi_otpTests.swift in Sources */ = {isa = PBXBuildFile; fileRef = 435506002A30743F0038B944 /* bandi_otpTests.swift */; };
		4355060B2A30743F0038B944 /* bandi_otpUITests.swift in Sources */ = {isa = PBXBuildFile; fileRef = 4355060A2A30743F0038B944 /* bandi_otpUITests.swift */; };
		4355060D2A30743F0038B944 /* bandi_otpUITestsLaunchTests.swift in Sources */ = {isa = PBXBuildFile; fileRef = 4355060C2A30743F0038B944 /* bandi_otpUITestsLaunchTests.swift */; };
		4355061A2A3079350038B944 /* NewPassWordController.swift in Sources */ = {isa = PBXBuildFile; fileRef = 435506192A3079350038B944 /* NewPassWordController.swift */; };
		43BBBFFA2A39953100F118D8 /* UserListCell.swift in Sources */ = {isa = PBXBuildFile; fileRef = 43BBBFF82A39953000F118D8 /* UserListCell.swift */; };
		43BBBFFB2A39953100F118D8 /* UserListCell.xib in Resources */ = {isa = PBXBuildFile; fileRef = 43BBBFF92A39953000F118D8 /* UserListCell.xib */; };
		43BBC0052A3BF27500F118D8 /* CircularProgressView.swift in Sources */ = {isa = PBXBuildFile; fileRef = 43BBC0042A3BF27500F118D8 /* CircularProgressView.swift */; };
		43BBC0082A3C191A00F118D8 /* SwiftOTP in Frameworks */ = {isa = PBXBuildFile; productRef = 43BBC0072A3C191A00F118D8 /* SwiftOTP */; };
		43E388232A330F6E004ABB4E /* TextFieldEffects in Frameworks */ = {isa = PBXBuildFile; productRef = 43E388222A330F6E004ABB4E /* TextFieldEffects */; };
/* End PBXBuildFile section */

/* Begin PBXContainerItemProxy section */
		435505FD2A30743F0038B944 /* PBXContainerItemProxy */ = {
			isa = PBXContainerItemProxy;
			containerPortal = 435505DB2A30743E0038B944 /* Project object */;
			proxyType = 1;
			remoteGlobalIDString = 435505E22A30743E0038B944;
			remoteInfo = bandi_otp;
		};
		435506072A30743F0038B944 /* PBXContainerItemProxy */ = {
			isa = PBXContainerItemProxy;
			containerPortal = 435505DB2A30743E0038B944 /* Project object */;
			proxyType = 1;
			remoteGlobalIDString = 435505E22A30743E0038B944;
			remoteInfo = bandi_otp;
		};
/* End PBXContainerItemProxy section */

/* Begin PBXFileReference section */
		432E15A42A3C1CAA009A2996 /* OtpGenerator.swift */ = {isa = PBXFileReference; lastKnownFileType = sourcecode.swift; path = OtpGenerator.swift; sourceTree = "<group>"; };
		432E15AA2A3C5176009A2996 /* OtpCodeViewController.swift */ = {isa = PBXFileReference; lastKnownFileType = sourcecode.swift; path = OtpCodeViewController.swift; sourceTree = "<group>"; };
		432E15AC2A3C5195009A2996 /* OtpCodeWarningViewController.swift */ = {isa = PBXFileReference; lastKnownFileType = sourcecode.swift; path = OtpCodeWarningViewController.swift; sourceTree = "<group>"; };
		43307B4D2A413B7B0097900E /* OtpQrScanViewController.swift */ = {isa = PBXFileReference; lastKnownFileType = sourcecode.swift; path = OtpQrScanViewController.swift; sourceTree = "<group>"; };
		43307B4F2A413D170097900E /* QrReaderView.swift */ = {isa = PBXFileReference; lastKnownFileType = sourcecode.swift; path = QrReaderView.swift; sourceTree = "<group>"; };
		43307B532A4162470097900E /* OtpInfo.swift */ = {isa = PBXFileReference; lastKnownFileType = sourcecode.swift; path = OtpInfo.swift; sourceTree = "<group>"; };
		43307B552A4166560097900E /* OtpSettingViewController.swift */ = {isa = PBXFileReference; lastKnownFileType = sourcecode.swift; path = OtpSettingViewController.swift; sourceTree = "<group>"; };
		43307B5D2A417F0B0097900E /* PasswordChangeCell.swift */ = {isa = PBXFileReference; lastKnownFileType = sourcecode.swift; path = PasswordChangeCell.swift; sourceTree = "<group>"; };
		43307B5E2A417F0B0097900E /* PasswordChangeCell.xib */ = {isa = PBXFileReference; lastKnownFileType = file.xib; path = PasswordChangeCell.xib; sourceTree = "<group>"; };
		43307B612A417F4D0097900E /* DeviceAuthCell.swift */ = {isa = PBXFileReference; lastKnownFileType = sourcecode.swift; path = DeviceAuthCell.swift; sourceTree = "<group>"; };
		43307B622A417F4D0097900E /* DeviceAuthCell.xib */ = {isa = PBXFileReference; lastKnownFileType = file.xib; path = DeviceAuthCell.xib; sourceTree = "<group>"; };
		4336583F2A41977400CF1AF8 /* PasswordChange.storyboard */ = {isa = PBXFileReference; lastKnownFileType = file.storyboard; path = PasswordChange.storyboard; sourceTree = "<group>"; };
		433658412A419A7F00CF1AF8 /* PasswordChangeViewController.swift */ = {isa = PBXFileReference; lastKnownFileType = sourcecode.swift; path = PasswordChangeViewController.swift; sourceTree = "<group>"; };
		4342EE1C2A316E6B00D02E16 /* NewPassWord.storyboard */ = {isa = PBXFileReference; lastKnownFileType = file.storyboard; path = NewPassWord.storyboard; sourceTree = "<group>"; };
		4342EE202A32B71E00D02E16 /* OtpTabbarController.swift */ = {isa = PBXFileReference; lastKnownFileType = sourcecode.swift; path = OtpTabbarController.swift; sourceTree = "<group>"; };
		4342EE222A32B7AF00D02E16 /* Otp.storyboard */ = {isa = PBXFileReference; lastKnownFileType = file.storyboard; path = Otp.storyboard; sourceTree = "<group>"; };
		4350D5202A32ED0A00DBE29B /* OtpUserListViewController.swift */ = {isa = PBXFileReference; lastKnownFileType = sourcecode.swift; path = OtpUserListViewController.swift; sourceTree = "<group>"; };
		4350D5222A32F50200DBE29B /* OtpViewController.swift */ = {isa = PBXFileReference; lastKnownFileType = sourcecode.swift; path = OtpViewController.swift; sourceTree = "<group>"; };
		4350D5242A32F8B300DBE29B /* OtpUserAdd.storyboard */ = {isa = PBXFileReference; lastKnownFileType = file.storyboard; path = OtpUserAdd.storyboard; sourceTree = "<group>"; };
		4350D5262A32F8E200DBE29B /* OtpUserAddViewController.swift */ = {isa = PBXFileReference; lastKnownFileType = sourcecode.swift; path = OtpUserAddViewController.swift; sourceTree = "<group>"; };
		435505E32A30743E0038B944 /* bandi_otp.app */ = {isa = PBXFileReference; explicitFileType = wrapper.application; includeInIndex = 0; path = bandi_otp.app; sourceTree = BUILT_PRODUCTS_DIR; };
		435505E62A30743E0038B944 /* AppDelegate.swift */ = {isa = PBXFileReference; lastKnownFileType = sourcecode.swift; path = AppDelegate.swift; sourceTree = "<group>"; };
		435505E82A30743E0038B944 /* SceneDelegate.swift */ = {isa = PBXFileReference; lastKnownFileType = sourcecode.swift; path = SceneDelegate.swift; sourceTree = "<group>"; };
		435505EA2A30743E0038B944 /* ViewController.swift */ = {isa = PBXFileReference; lastKnownFileType = sourcecode.swift; path = ViewController.swift; sourceTree = "<group>"; };
		435505ED2A30743E0038B944 /* Base */ = {isa = PBXFileReference; lastKnownFileType = file.storyboard; name = Base; path = Base.lproj/Main.storyboard; sourceTree = "<group>"; };
		435505F02A30743E0038B944 /* bandi_otp.xcdatamodel */ = {isa = PBXFileReference; lastKnownFileType = wrapper.xcdatamodel; path = bandi_otp.xcdatamodel; sourceTree = "<group>"; };
		435505F22A30743F0038B944 /* Assets.xcassets */ = {isa = PBXFileReference; lastKnownFileType = folder.assetcatalog; path = Assets.xcassets; sourceTree = "<group>"; };
		435505F52A30743F0038B944 /* Base */ = {isa = PBXFileReference; lastKnownFileType = file.storyboard; name = Base; path = Base.lproj/LaunchScreen.storyboard; sourceTree = "<group>"; };
		435505F72A30743F0038B944 /* Info.plist */ = {isa = PBXFileReference; lastKnownFileType = text.plist.xml; path = Info.plist; sourceTree = "<group>"; };
		435505FC2A30743F0038B944 /* bandi_otpTests.xctest */ = {isa = PBXFileReference; explicitFileType = wrapper.cfbundle; includeInIndex = 0; path = bandi_otpTests.xctest; sourceTree = BUILT_PRODUCTS_DIR; };
		435506002A30743F0038B944 /* bandi_otpTests.swift */ = {isa = PBXFileReference; lastKnownFileType = sourcecode.swift; path = bandi_otpTests.swift; sourceTree = "<group>"; };
		435506062A30743F0038B944 /* bandi_otpUITests.xctest */ = {isa = PBXFileReference; explicitFileType = wrapper.cfbundle; includeInIndex = 0; path = bandi_otpUITests.xctest; sourceTree = BUILT_PRODUCTS_DIR; };
		4355060A2A30743F0038B944 /* bandi_otpUITests.swift */ = {isa = PBXFileReference; lastKnownFileType = sourcecode.swift; path = bandi_otpUITests.swift; sourceTree = "<group>"; };
		4355060C2A30743F0038B944 /* bandi_otpUITestsLaunchTests.swift */ = {isa = PBXFileReference; lastKnownFileType = sourcecode.swift; path = bandi_otpUITestsLaunchTests.swift; sourceTree = "<group>"; };
		435506192A3079350038B944 /* NewPassWordController.swift */ = {isa = PBXFileReference; lastKnownFileType = sourcecode.swift; path = NewPassWordController.swift; sourceTree = "<group>"; };
		43BBBFF82A39953000F118D8 /* UserListCell.swift */ = {isa = PBXFileReference; lastKnownFileType = sourcecode.swift; path = UserListCell.swift; sourceTree = "<group>"; };
		43BBBFF92A39953000F118D8 /* UserListCell.xib */ = {isa = PBXFileReference; lastKnownFileType = file.xib; path = UserListCell.xib; sourceTree = "<group>"; };
		43BBC0042A3BF27500F118D8 /* CircularProgressView.swift */ = {isa = PBXFileReference; lastKnownFileType = sourcecode.swift; path = CircularProgressView.swift; sourceTree = "<group>"; };
/* End PBXFileReference section */

/* Begin PBXFrameworksBuildPhase section */
		435505E02A30743E0038B944 /* Frameworks */ = {
			isa = PBXFrameworksBuildPhase;
			buildActionMask = 2147483647;
			files = (
				43BBC0082A3C191A00F118D8 /* SwiftOTP in Frameworks */,
				43E388232A330F6E004ABB4E /* TextFieldEffects in Frameworks */,
			);
			runOnlyForDeploymentPostprocessing = 0;
		};
		435505F92A30743F0038B944 /* Frameworks */ = {
			isa = PBXFrameworksBuildPhase;
			buildActionMask = 2147483647;
			files = (
			);
			runOnlyForDeploymentPostprocessing = 0;
		};
		435506032A30743F0038B944 /* Frameworks */ = {
			isa = PBXFrameworksBuildPhase;
			buildActionMask = 2147483647;
			files = (
			);
			runOnlyForDeploymentPostprocessing = 0;
		};
/* End PBXFrameworksBuildPhase section */

/* Begin PBXGroup section */
		432E15A62A3C1D2C009A2996 /* Util */ = {
			isa = PBXGroup;
			children = (
				43BBC0042A3BF27500F118D8 /* CircularProgressView.swift */,
				432E15A42A3C1CAA009A2996 /* OtpGenerator.swift */,
				43307B4F2A413D170097900E /* QrReaderView.swift */,
				43307B532A4162470097900E /* OtpInfo.swift */,
			);
			path = Util;
			sourceTree = "<group>";
		};
		432E15A72A3C1D3B009A2996 /* StoryBoard */ = {
			isa = PBXGroup;
			children = (
				4342EE222A32B7AF00D02E16 /* Otp.storyboard */,
				4350D5242A32F8B300DBE29B /* OtpUserAdd.storyboard */,
				4336583F2A41977400CF1AF8 /* PasswordChange.storyboard */,
			);
			path = StoryBoard;
			sourceTree = "<group>";
		};
		432E15A82A3C1D4C009A2996 /* StoryBoard */ = {
			isa = PBXGroup;
			children = (
				435505EC2A30743E0038B944 /* Main.storyboard */,
				4342EE1C2A316E6B00D02E16 /* NewPassWord.storyboard */,
			);
			path = StoryBoard;
			sourceTree = "<group>";
		};
		432E15A92A3C5140009A2996 /* OtpCodeView */ = {
			isa = PBXGroup;
			children = (
				4350D5222A32F50200DBE29B /* OtpViewController.swift */,
				432E15AA2A3C5176009A2996 /* OtpCodeViewController.swift */,
				432E15AC2A3C5195009A2996 /* OtpCodeWarningViewController.swift */,
				4350D5202A32ED0A00DBE29B /* OtpUserListViewController.swift */,
				43307B4D2A413B7B0097900E /* OtpQrScanViewController.swift */,
				43307B552A4166560097900E /* OtpSettingViewController.swift */,
				433658412A419A7F00CF1AF8 /* PasswordChangeViewController.swift */,
				4350D5262A32F8E200DBE29B /* OtpUserAddViewController.swift */,
			);
			path = OtpCodeView;
			sourceTree = "<group>";
		};
		4342EE1E2A32A6BD00D02E16 /* Login */ = {
			isa = PBXGroup;
			children = (
				432E15A82A3C1D4C009A2996 /* StoryBoard */,
				435505EA2A30743E0038B944 /* ViewController.swift */,
				435506192A3079350038B944 /* NewPassWordController.swift */,
			);
			path = Login;
			sourceTree = "<group>";
		};
		4342EE1F2A32A6DF00D02E16 /* OTP */ = {
			isa = PBXGroup;
			children = (
				432E15A72A3C1D3B009A2996 /* StoryBoard */,
				432E15A62A3C1D2C009A2996 /* Util */,
				43BBBFF72A3994F200F118D8 /* Cell */,
				4342EE202A32B71E00D02E16 /* OtpTabbarController.swift */,
				432E15A92A3C5140009A2996 /* OtpCodeView */,
			);
			path = OTP;
			sourceTree = "<group>";
		};
		435505DA2A30743E0038B944 = {
			isa = PBXGroup;
			children = (
				435505E52A30743E0038B944 /* bandi_otp */,
				435505FF2A30743F0038B944 /* bandi_otpTests */,
				435506092A30743F0038B944 /* bandi_otpUITests */,
				435505E42A30743E0038B944 /* Products */,
			);
			sourceTree = "<group>";
		};
		435505E42A30743E0038B944 /* Products */ = {
			isa = PBXGroup;
			children = (
				435505E32A30743E0038B944 /* bandi_otp.app */,
				435505FC2A30743F0038B944 /* bandi_otpTests.xctest */,
				435506062A30743F0038B944 /* bandi_otpUITests.xctest */,
			);
			name = Products;
			sourceTree = "<group>";
		};
		435505E52A30743E0038B944 /* bandi_otp */ = {
			isa = PBXGroup;
			children = (
				4342EE1F2A32A6DF00D02E16 /* OTP */,
				4342EE1E2A32A6BD00D02E16 /* Login */,
				435505E62A30743E0038B944 /* AppDelegate.swift */,
				435505E82A30743E0038B944 /* SceneDelegate.swift */,
				435505F22A30743F0038B944 /* Assets.xcassets */,
				435505F42A30743F0038B944 /* LaunchScreen.storyboard */,
				435505F72A30743F0038B944 /* Info.plist */,
				435505EF2A30743E0038B944 /* bandi_otp.xcdatamodeld */,
			);
			path = bandi_otp;
			sourceTree = "<group>";
		};
		435505FF2A30743F0038B944 /* bandi_otpTests */ = {
			isa = PBXGroup;
			children = (
				435506002A30743F0038B944 /* bandi_otpTests.swift */,
			);
			path = bandi_otpTests;
			sourceTree = "<group>";
		};
		435506092A30743F0038B944 /* bandi_otpUITests */ = {
			isa = PBXGroup;
			children = (
				4355060A2A30743F0038B944 /* bandi_otpUITests.swift */,
				4355060C2A30743F0038B944 /* bandi_otpUITestsLaunchTests.swift */,
			);
			path = bandi_otpUITests;
			sourceTree = "<group>";
		};
		43BBBFF72A3994F200F118D8 /* Cell */ = {
			isa = PBXGroup;
			children = (
				43BBBFF82A39953000F118D8 /* UserListCell.swift */,
				43BBBFF92A39953000F118D8 /* UserListCell.xib */,
				43307B5D2A417F0B0097900E /* PasswordChangeCell.swift */,
				43307B5E2A417F0B0097900E /* PasswordChangeCell.xib */,
				43307B612A417F4D0097900E /* DeviceAuthCell.swift */,
				43307B622A417F4D0097900E /* DeviceAuthCell.xib */,
			);
			path = Cell;
			sourceTree = "<group>";
		};
/* End PBXGroup section */

/* Begin PBXNativeTarget section */
		435505E22A30743E0038B944 /* bandi_otp */ = {
			isa = PBXNativeTarget;
			buildConfigurationList = 435506102A30743F0038B944 /* Build configuration list for PBXNativeTarget "bandi_otp" */;
			buildPhases = (
				435505DF2A30743E0038B944 /* Sources */,
				435505E02A30743E0038B944 /* Frameworks */,
				435505E12A30743E0038B944 /* Resources */,
			);
			buildRules = (
			);
			dependencies = (
			);
			name = bandi_otp;
			packageProductDependencies = (
				43E388222A330F6E004ABB4E /* TextFieldEffects */,
				43BBC0072A3C191A00F118D8 /* SwiftOTP */,
			);
			productName = bandi_otp;
			productReference = 435505E32A30743E0038B944 /* bandi_otp.app */;
			productType = "com.apple.product-type.application";
		};
		435505FB2A30743F0038B944 /* bandi_otpTests */ = {
			isa = PBXNativeTarget;
			buildConfigurationList = 435506132A30743F0038B944 /* Build configuration list for PBXNativeTarget "bandi_otpTests" */;
			buildPhases = (
				435505F82A30743F0038B944 /* Sources */,
				435505F92A30743F0038B944 /* Frameworks */,
				435505FA2A30743F0038B944 /* Resources */,
			);
			buildRules = (
			);
			dependencies = (
				435505FE2A30743F0038B944 /* PBXTargetDependency */,
			);
			name = bandi_otpTests;
			productName = bandi_otpTests;
			productReference = 435505FC2A30743F0038B944 /* bandi_otpTests.xctest */;
			productType = "com.apple.product-type.bundle.unit-test";
		};
		435506052A30743F0038B944 /* bandi_otpUITests */ = {
			isa = PBXNativeTarget;
			buildConfigurationList = 435506162A30743F0038B944 /* Build configuration list for PBXNativeTarget "bandi_otpUITests" */;
			buildPhases = (
				435506022A30743F0038B944 /* Sources */,
				435506032A30743F0038B944 /* Frameworks */,
				435506042A30743F0038B944 /* Resources */,
			);
			buildRules = (
			);
			dependencies = (
				435506082A30743F0038B944 /* PBXTargetDependency */,
			);
			name = bandi_otpUITests;
			productName = bandi_otpUITests;
			productReference = 435506062A30743F0038B944 /* bandi_otpUITests.xctest */;
			productType = "com.apple.product-type.bundle.ui-testing";
		};
/* End PBXNativeTarget section */

/* Begin PBXProject section */
		435505DB2A30743E0038B944 /* Project object */ = {
			isa = PBXProject;
			attributes = {
				BuildIndependentTargetsInParallel = 1;
				LastSwiftUpdateCheck = 1420;
				LastUpgradeCheck = 1420;
				TargetAttributes = {
					435505E22A30743E0038B944 = {
						CreatedOnToolsVersion = 14.2;
					};
					435505FB2A30743F0038B944 = {
						CreatedOnToolsVersion = 14.2;
						TestTargetID = 435505E22A30743E0038B944;
					};
					435506052A30743F0038B944 = {
						CreatedOnToolsVersion = 14.2;
						TestTargetID = 435505E22A30743E0038B944;
					};
				};
			};
			buildConfigurationList = 435505DE2A30743E0038B944 /* Build configuration list for PBXProject "bandi_otp" */;
			compatibilityVersion = "Xcode 12.0";
			developmentRegion = en;
			hasScannedForEncodings = 0;
			knownRegions = (
				en,
				Base,
			);
			mainGroup = 435505DA2A30743E0038B944;
			packageReferences = (
				43E388212A330F6E004ABB4E /* XCRemoteSwiftPackageReference "TextFieldEffects" */,
				43BBC0062A3C191A00F118D8 /* XCRemoteSwiftPackageReference "SwiftOTP" */,
			);
			productRefGroup = 435505E42A30743E0038B944 /* Products */;
			projectDirPath = "";
			projectRoot = "";
			targets = (
				435505E22A30743E0038B944 /* bandi_otp */,
				435505FB2A30743F0038B944 /* bandi_otpTests */,
				435506052A30743F0038B944 /* bandi_otpUITests */,
			);
		};
/* End PBXProject section */

/* Begin PBXResourcesBuildPhase section */
		435505E12A30743E0038B944 /* Resources */ = {
			isa = PBXResourcesBuildPhase;
			buildActionMask = 2147483647;
			files = (
				43307B602A417F0B0097900E /* PasswordChangeCell.xib in Resources */,
				435505F62A30743F0038B944 /* LaunchScreen.storyboard in Resources */,
				43307B642A417F4D0097900E /* DeviceAuthCell.xib in Resources */,
				43BBBFFB2A39953100F118D8 /* UserListCell.xib in Resources */,
				435505F32A30743F0038B944 /* Assets.xcassets in Resources */,
				4342EE1D2A316E6B00D02E16 /* NewPassWord.storyboard in Resources */,
				4342EE232A32B7AF00D02E16 /* Otp.storyboard in Resources */,
				435505EE2A30743E0038B944 /* Main.storyboard in Resources */,
				4350D5252A32F8B300DBE29B /* OtpUserAdd.storyboard in Resources */,
				433658402A41977400CF1AF8 /* PasswordChange.storyboard in Resources */,
			);
			runOnlyForDeploymentPostprocessing = 0;
		};
		435505FA2A30743F0038B944 /* Resources */ = {
			isa = PBXResourcesBuildPhase;
			buildActionMask = 2147483647;
			files = (
			);
			runOnlyForDeploymentPostprocessing = 0;
		};
		435506042A30743F0038B944 /* Resources */ = {
			isa = PBXResourcesBuildPhase;
			buildActionMask = 2147483647;
			files = (
			);
			runOnlyForDeploymentPostprocessing = 0;
		};
/* End PBXResourcesBuildPhase section */

/* Begin PBXSourcesBuildPhase section */
		435505DF2A30743E0038B944 /* Sources */ = {
			isa = PBXSourcesBuildPhase;
			buildActionMask = 2147483647;
			files = (
				43BBBFFA2A39953100F118D8 /* UserListCell.swift in Sources */,
				43307B632A417F4D0097900E /* DeviceAuthCell.swift in Sources */,
				432E15A52A3C1CAA009A2996 /* OtpGenerator.swift in Sources */,
				4355061A2A3079350038B944 /* NewPassWordController.swift in Sources */,
				435505EB2A30743E0038B944 /* ViewController.swift in Sources */,
				4342EE212A32B71E00D02E16 /* OtpTabbarController.swift in Sources */,
				43307B542A4162470097900E /* OtpInfo.swift in Sources */,
				435505E72A30743E0038B944 /* AppDelegate.swift in Sources */,
				4350D5232A32F50200DBE29B /* OtpViewController.swift in Sources */,
				43307B4E2A413B7B0097900E /* OtpQrScanViewController.swift in Sources */,
				435505F12A30743E0038B944 /* bandi_otp.xcdatamodeld in Sources */,
				435505E92A30743E0038B944 /* SceneDelegate.swift in Sources */,
				433658422A419A7F00CF1AF8 /* PasswordChangeViewController.swift in Sources */,
				4350D5272A32F8E200DBE29B /* OtpUserAddViewController.swift in Sources */,
				432E15AD2A3C5195009A2996 /* OtpCodeWarningViewController.swift in Sources */,
				43BBC0052A3BF27500F118D8 /* CircularProgressView.swift in Sources */,
				4350D5212A32ED0A00DBE29B /* OtpUserListViewController.swift in Sources */,
				43307B562A4166560097900E /* OtpSettingViewController.swift in Sources */,
				43307B502A413D170097900E /* QrReaderView.swift in Sources */,
				43307B5F2A417F0B0097900E /* PasswordChangeCell.swift in Sources */,
				432E15AB2A3C5176009A2996 /* OtpCodeViewController.swift in Sources */,
			);
			runOnlyForDeploymentPostprocessing = 0;
		};
		435505F82A30743F0038B944 /* Sources */ = {
			isa = PBXSourcesBuildPhase;
			buildActionMask = 2147483647;
			files = (
				435506012A30743F0038B944 /* bandi_otpTests.swift in Sources */,
			);
			runOnlyForDeploymentPostprocessing = 0;
		};
		435506022A30743F0038B944 /* Sources */ = {
			isa = PBXSourcesBuildPhase;
			buildActionMask = 2147483647;
			files = (
				4355060B2A30743F0038B944 /* bandi_otpUITests.swift in Sources */,
				4355060D2A30743F0038B944 /* bandi_otpUITestsLaunchTests.swift in Sources */,
			);
			runOnlyForDeploymentPostprocessing = 0;
		};
/* End PBXSourcesBuildPhase section */

/* Begin PBXTargetDependency section */
		435505FE2A30743F0038B944 /* PBXTargetDependency */ = {
			isa = PBXTargetDependency;
			target = 435505E22A30743E0038B944 /* bandi_otp */;
			targetProxy = 435505FD2A30743F0038B944 /* PBXContainerItemProxy */;
		};
		435506082A30743F0038B944 /* PBXTargetDependency */ = {
			isa = PBXTargetDependency;
			target = 435505E22A30743E0038B944 /* bandi_otp */;
			targetProxy = 435506072A30743F0038B944 /* PBXContainerItemProxy */;
		};
/* End PBXTargetDependency section */

/* Begin PBXVariantGroup section */
		435505EC2A30743E0038B944 /* Main.storyboard */ = {
			isa = PBXVariantGroup;
			children = (
				435505ED2A30743E0038B944 /* Base */,
			);
			name = Main.storyboard;
			sourceTree = "<group>";
		};
		435505F42A30743F0038B944 /* LaunchScreen.storyboard */ = {
			isa = PBXVariantGroup;
			children = (
				435505F52A30743F0038B944 /* Base */,
			);
			name = LaunchScreen.storyboard;
			sourceTree = "<group>";
		};
/* End PBXVariantGroup section */

/* Begin XCBuildConfiguration section */
		4355060E2A30743F0038B944 /* Debug */ = {
			isa = XCBuildConfiguration;
			buildSettings = {
				ALWAYS_SEARCH_USER_PATHS = NO;
				CLANG_ANALYZER_NONNULL = YES;
				CLANG_ANALYZER_NUMBER_OBJECT_CONVERSION = YES_AGGRESSIVE;
				CLANG_CXX_LANGUAGE_STANDARD = "gnu++20";
				CLANG_ENABLE_MODULES = YES;
				CLANG_ENABLE_OBJC_ARC = YES;
				CLANG_ENABLE_OBJC_WEAK = YES;
				CLANG_WARN_BLOCK_CAPTURE_AUTORELEASING = YES;
				CLANG_WARN_BOOL_CONVERSION = YES;
				CLANG_WARN_COMMA = YES;
				CLANG_WARN_CONSTANT_CONVERSION = YES;
				CLANG_WARN_DEPRECATED_OBJC_IMPLEMENTATIONS = YES;
				CLANG_WARN_DIRECT_OBJC_ISA_USAGE = YES_ERROR;
				CLANG_WARN_DOCUMENTATION_COMMENTS = YES;
				CLANG_WARN_EMPTY_BODY = YES;
				CLANG_WARN_ENUM_CONVERSION = YES;
				CLANG_WARN_INFINITE_RECURSION = YES;
				CLANG_WARN_INT_CONVERSION = YES;
				CLANG_WARN_NON_LITERAL_NULL_CONVERSION = YES;
				CLANG_WARN_OBJC_IMPLICIT_RETAIN_SELF = YES;
				CLANG_WARN_OBJC_LITERAL_CONVERSION = YES;
				CLANG_WARN_OBJC_ROOT_CLASS = YES_ERROR;
				CLANG_WARN_QUOTED_INCLUDE_IN_FRAMEWORK_HEADER = YES;
				CLANG_WARN_RANGE_LOOP_ANALYSIS = YES;
				CLANG_WARN_STRICT_PROTOTYPES = YES;
				CLANG_WARN_SUSPICIOUS_MOVE = YES;
				CLANG_WARN_UNGUARDED_AVAILABILITY = YES_AGGRESSIVE;
				CLANG_WARN_UNREACHABLE_CODE = YES;
				CLANG_WARN__DUPLICATE_METHOD_MATCH = YES;
				COPY_PHASE_STRIP = NO;
				DEBUG_INFORMATION_FORMAT = dwarf;
				ENABLE_STRICT_OBJC_MSGSEND = YES;
				ENABLE_TESTABILITY = YES;
				GCC_C_LANGUAGE_STANDARD = gnu11;
				GCC_DYNAMIC_NO_PIC = NO;
				GCC_NO_COMMON_BLOCKS = YES;
				GCC_OPTIMIZATION_LEVEL = 0;
				GCC_PREPROCESSOR_DEFINITIONS = (
					"DEBUG=1",
					"$(inherited)",
				);
				GCC_WARN_64_TO_32_BIT_CONVERSION = YES;
				GCC_WARN_ABOUT_RETURN_TYPE = YES_ERROR;
				GCC_WARN_UNDECLARED_SELECTOR = YES;
				GCC_WARN_UNINITIALIZED_AUTOS = YES_AGGRESSIVE;
				GCC_WARN_UNUSED_FUNCTION = YES;
				GCC_WARN_UNUSED_VARIABLE = YES;
				IPHONEOS_DEPLOYMENT_TARGET = 16.2;
				MTL_ENABLE_DEBUG_INFO = INCLUDE_SOURCE;
				MTL_FAST_MATH = YES;
				ONLY_ACTIVE_ARCH = YES;
				SDKROOT = iphoneos;
				SWIFT_ACTIVE_COMPILATION_CONDITIONS = DEBUG;
				SWIFT_OPTIMIZATION_LEVEL = "-Onone";
			};
			name = Debug;
		};
		4355060F2A30743F0038B944 /* Release */ = {
			isa = XCBuildConfiguration;
			buildSettings = {
				ALWAYS_SEARCH_USER_PATHS = NO;
				CLANG_ANALYZER_NONNULL = YES;
				CLANG_ANALYZER_NUMBER_OBJECT_CONVERSION = YES_AGGRESSIVE;
				CLANG_CXX_LANGUAGE_STANDARD = "gnu++20";
				CLANG_ENABLE_MODULES = YES;
				CLANG_ENABLE_OBJC_ARC = YES;
				CLANG_ENABLE_OBJC_WEAK = YES;
				CLANG_WARN_BLOCK_CAPTURE_AUTORELEASING = YES;
				CLANG_WARN_BOOL_CONVERSION = YES;
				CLANG_WARN_COMMA = YES;
				CLANG_WARN_CONSTANT_CONVERSION = YES;
				CLANG_WARN_DEPRECATED_OBJC_IMPLEMENTATIONS = YES;
				CLANG_WARN_DIRECT_OBJC_ISA_USAGE = YES_ERROR;
				CLANG_WARN_DOCUMENTATION_COMMENTS = YES;
				CLANG_WARN_EMPTY_BODY = YES;
				CLANG_WARN_ENUM_CONVERSION = YES;
				CLANG_WARN_INFINITE_RECURSION = YES;
				CLANG_WARN_INT_CONVERSION = YES;
				CLANG_WARN_NON_LITERAL_NULL_CONVERSION = YES;
				CLANG_WARN_OBJC_IMPLICIT_RETAIN_SELF = YES;
				CLANG_WARN_OBJC_LITERAL_CONVERSION = YES;
				CLANG_WARN_OBJC_ROOT_CLASS = YES_ERROR;
				CLANG_WARN_QUOTED_INCLUDE_IN_FRAMEWORK_HEADER = YES;
				CLANG_WARN_RANGE_LOOP_ANALYSIS = YES;
				CLANG_WARN_STRICT_PROTOTYPES = YES;
				CLANG_WARN_SUSPICIOUS_MOVE = YES;
				CLANG_WARN_UNGUARDED_AVAILABILITY = YES_AGGRESSIVE;
				CLANG_WARN_UNREACHABLE_CODE = YES;
				CLANG_WARN__DUPLICATE_METHOD_MATCH = YES;
				COPY_PHASE_STRIP = NO;
				DEBUG_INFORMATION_FORMAT = "dwarf-with-dsym";
				ENABLE_NS_ASSERTIONS = NO;
				ENABLE_STRICT_OBJC_MSGSEND = YES;
				GCC_C_LANGUAGE_STANDARD = gnu11;
				GCC_NO_COMMON_BLOCKS = YES;
				GCC_WARN_64_TO_32_BIT_CONVERSION = YES;
				GCC_WARN_ABOUT_RETURN_TYPE = YES_ERROR;
				GCC_WARN_UNDECLARED_SELECTOR = YES;
				GCC_WARN_UNINITIALIZED_AUTOS = YES_AGGRESSIVE;
				GCC_WARN_UNUSED_FUNCTION = YES;
				GCC_WARN_UNUSED_VARIABLE = YES;
				IPHONEOS_DEPLOYMENT_TARGET = 16.2;
				MTL_ENABLE_DEBUG_INFO = NO;
				MTL_FAST_MATH = YES;
				SDKROOT = iphoneos;
				SWIFT_COMPILATION_MODE = wholemodule;
				SWIFT_OPTIMIZATION_LEVEL = "-O";
				VALIDATE_PRODUCT = YES;
			};
			name = Release;
		};
		435506112A30743F0038B944 /* Debug */ = {
			isa = XCBuildConfiguration;
			buildSettings = {
				ASSETCATALOG_COMPILER_APPICON_NAME = AppIcon;
				ASSETCATALOG_COMPILER_GLOBAL_ACCENT_COLOR_NAME = AccentColor;
				CODE_SIGN_STYLE = Automatic;
				CURRENT_PROJECT_VERSION = 1;
				DEVELOPMENT_TEAM = F75KTZ6Q75;
				GENERATE_INFOPLIST_FILE = YES;
				INFOPLIST_FILE = bandi_otp/Info.plist;
				INFOPLIST_KEY_UIApplicationSupportsIndirectInputEvents = YES;
				INFOPLIST_KEY_UILaunchStoryboardName = LaunchScreen;
				INFOPLIST_KEY_UIMainStoryboardFile = Main;
				INFOPLIST_KEY_UISupportedInterfaceOrientations_iPad = "UIInterfaceOrientationPortrait UIInterfaceOrientationPortraitUpsideDown UIInterfaceOrientationLandscapeLeft UIInterfaceOrientationLandscapeRight";
				INFOPLIST_KEY_UISupportedInterfaceOrientations_iPhone = "UIInterfaceOrientationPortrait UIInterfaceOrientationLandscapeLeft UIInterfaceOrientationLandscapeRight";
				IPHONEOS_DEPLOYMENT_TARGET = 16.2;
				LD_RUNPATH_SEARCH_PATHS = (
					"$(inherited)",
					"@executable_path/Frameworks",
				);
				MARKETING_VERSION = 1.0;
				PRODUCT_BUNDLE_IDENTIFIER = "kor.co.bandisnc.bandi-otp";
				PRODUCT_NAME = "$(TARGET_NAME)";
				SWIFT_EMIT_LOC_STRINGS = YES;
				SWIFT_VERSION = 5.0;
				TARGETED_DEVICE_FAMILY = "1,2";
			};
			name = Debug;
		};
		435506122A30743F0038B944 /* Release */ = {
			isa = XCBuildConfiguration;
			buildSettings = {
				ASSETCATALOG_COMPILER_APPICON_NAME = AppIcon;
				ASSETCATALOG_COMPILER_GLOBAL_ACCENT_COLOR_NAME = AccentColor;
				CODE_SIGN_STYLE = Automatic;
				CURRENT_PROJECT_VERSION = 1;
				DEVELOPMENT_TEAM = F75KTZ6Q75;
				GENERATE_INFOPLIST_FILE = YES;
				INFOPLIST_FILE = bandi_otp/Info.plist;
				INFOPLIST_KEY_UIApplicationSupportsIndirectInputEvents = YES;
				INFOPLIST_KEY_UILaunchStoryboardName = LaunchScreen;
				INFOPLIST_KEY_UIMainStoryboardFile = Main;
				INFOPLIST_KEY_UISupportedInterfaceOrientations_iPad = "UIInterfaceOrientationPortrait UIInterfaceOrientationPortraitUpsideDown UIInterfaceOrientationLandscapeLeft UIInterfaceOrientationLandscapeRight";
				INFOPLIST_KEY_UISupportedInterfaceOrientations_iPhone = "UIInterfaceOrientationPortrait UIInterfaceOrientationLandscapeLeft UIInterfaceOrientationLandscapeRight";
				IPHONEOS_DEPLOYMENT_TARGET = 16.2;
				LD_RUNPATH_SEARCH_PATHS = (
					"$(inherited)",
					"@executable_path/Frameworks",
				);
				MARKETING_VERSION = 1.0;
				PRODUCT_BUNDLE_IDENTIFIER = "kor.co.bandisnc.bandi-otp";
				PRODUCT_NAME = "$(TARGET_NAME)";
				SWIFT_EMIT_LOC_STRINGS = YES;
				SWIFT_VERSION = 5.0;
				TARGETED_DEVICE_FAMILY = "1,2";
			};
			name = Release;
		};
		435506142A30743F0038B944 /* Debug */ = {
			isa = XCBuildConfiguration;
			buildSettings = {
				ALWAYS_EMBED_SWIFT_STANDARD_LIBRARIES = YES;
				BUNDLE_LOADER = "$(TEST_HOST)";
				CODE_SIGN_STYLE = Automatic;
				CURRENT_PROJECT_VERSION = 1;
				GENERATE_INFOPLIST_FILE = YES;
				IPHONEOS_DEPLOYMENT_TARGET = 16.2;
				MARKETING_VERSION = 1.0;
				PRODUCT_BUNDLE_IDENTIFIER = "kor.co.bandisnc.bandi-otpTests";
				PRODUCT_NAME = "$(TARGET_NAME)";
				SWIFT_EMIT_LOC_STRINGS = NO;
				SWIFT_VERSION = 5.0;
				TARGETED_DEVICE_FAMILY = "1,2";
				TEST_HOST = "$(BUILT_PRODUCTS_DIR)/bandi_otp.app/$(BUNDLE_EXECUTABLE_FOLDER_PATH)/bandi_otp";
			};
			name = Debug;
		};
		435506152A30743F0038B944 /* Release */ = {
			isa = XCBuildConfiguration;
			buildSettings = {
				ALWAYS_EMBED_SWIFT_STANDARD_LIBRARIES = YES;
				BUNDLE_LOADER = "$(TEST_HOST)";
				CODE_SIGN_STYLE = Automatic;
				CURRENT_PROJECT_VERSION = 1;
				GENERATE_INFOPLIST_FILE = YES;
				IPHONEOS_DEPLOYMENT_TARGET = 16.2;
				MARKETING_VERSION = 1.0;
				PRODUCT_BUNDLE_IDENTIFIER = "kor.co.bandisnc.bandi-otpTests";
				PRODUCT_NAME = "$(TARGET_NAME)";
				SWIFT_EMIT_LOC_STRINGS = NO;
				SWIFT_VERSION = 5.0;
				TARGETED_DEVICE_FAMILY = "1,2";
				TEST_HOST = "$(BUILT_PRODUCTS_DIR)/bandi_otp.app/$(BUNDLE_EXECUTABLE_FOLDER_PATH)/bandi_otp";
			};
			name = Release;
		};
		435506172A30743F0038B944 /* Debug */ = {
			isa = XCBuildConfiguration;
			buildSettings = {
				ALWAYS_EMBED_SWIFT_STANDARD_LIBRARIES = YES;
				CODE_SIGN_STYLE = Automatic;
				CURRENT_PROJECT_VERSION = 1;
				GENERATE_INFOPLIST_FILE = YES;
				MARKETING_VERSION = 1.0;
				PRODUCT_BUNDLE_IDENTIFIER = "kor.co.bandisnc.bandi-otpUITests";
				PRODUCT_NAME = "$(TARGET_NAME)";
				SWIFT_EMIT_LOC_STRINGS = NO;
				SWIFT_VERSION = 5.0;
				TARGETED_DEVICE_FAMILY = "1,2";
				TEST_TARGET_NAME = bandi_otp;
			};
			name = Debug;
		};
		435506182A30743F0038B944 /* Release */ = {
			isa = XCBuildConfiguration;
			buildSettings = {
				ALWAYS_EMBED_SWIFT_STANDARD_LIBRARIES = YES;
				CODE_SIGN_STYLE = Automatic;
				CURRENT_PROJECT_VERSION = 1;
				GENERATE_INFOPLIST_FILE = YES;
				MARKETING_VERSION = 1.0;
				PRODUCT_BUNDLE_IDENTIFIER = "kor.co.bandisnc.bandi-otpUITests";
				PRODUCT_NAME = "$(TARGET_NAME)";
				SWIFT_EMIT_LOC_STRINGS = NO;
				SWIFT_VERSION = 5.0;
				TARGETED_DEVICE_FAMILY = "1,2";
				TEST_TARGET_NAME = bandi_otp;
			};
			name = Release;
		};
/* End XCBuildConfiguration section */

/* Begin XCConfigurationList section */
		435505DE2A30743E0038B944 /* Build configuration list for PBXProject "bandi_otp" */ = {
			isa = XCConfigurationList;
			buildConfigurations = (
				4355060E2A30743F0038B944 /* Debug */,
				4355060F2A30743F0038B944 /* Release */,
			);
			defaultConfigurationIsVisible = 0;
			defaultConfigurationName = Release;
		};
		435506102A30743F0038B944 /* Build configuration list for PBXNativeTarget "bandi_otp" */ = {
			isa = XCConfigurationList;
			buildConfigurations = (
				435506112A30743F0038B944 /* Debug */,
				435506122A30743F0038B944 /* Release */,
			);
			defaultConfigurationIsVisible = 0;
			defaultConfigurationName = Release;
		};
		435506132A30743F0038B944 /* Build configuration list for PBXNativeTarget "bandi_otpTests" */ = {
			isa = XCConfigurationList;
			buildConfigurations = (
				435506142A30743F0038B944 /* Debug */,
				435506152A30743F0038B944 /* Release */,
			);
			defaultConfigurationIsVisible = 0;
			defaultConfigurationName = Release;
		};
		435506162A30743F0038B944 /* Build configuration list for PBXNativeTarget "bandi_otpUITests" */ = {
			isa = XCConfigurationList;
			buildConfigurations = (
				435506172A30743F0038B944 /* Debug */,
				435506182A30743F0038B944 /* Release */,
			);
			defaultConfigurationIsVisible = 0;
			defaultConfigurationName = Release;
		};
/* End XCConfigurationList section */

/* Begin XCRemoteSwiftPackageReference section */
		43BBC0062A3C191A00F118D8 /* XCRemoteSwiftPackageReference "SwiftOTP" */ = {
			isa = XCRemoteSwiftPackageReference;
			repositoryURL = "https://github.com/lachlanbell/SwiftOTP";
			requirement = {
				kind = upToNextMajorVersion;
				minimumVersion = 3.0.0;
			};
		};
		43E388212A330F6E004ABB4E /* XCRemoteSwiftPackageReference "TextFieldEffects" */ = {
			isa = XCRemoteSwiftPackageReference;
			repositoryURL = "https://github.com/raulriera/TextFieldEffects";
			requirement = {
				kind = upToNextMajorVersion;
				minimumVersion = 1.0.0;
			};
		};
/* End XCRemoteSwiftPackageReference section */

/* Begin XCSwiftPackageProductDependency section */
		43BBC0072A3C191A00F118D8 /* SwiftOTP */ = {
			isa = XCSwiftPackageProductDependency;
			package = 43BBC0062A3C191A00F118D8 /* XCRemoteSwiftPackageReference "SwiftOTP" */;
			productName = SwiftOTP;
		};
		43E388222A330F6E004ABB4E /* TextFieldEffects */ = {
			isa = XCSwiftPackageProductDependency;
			package = 43E388212A330F6E004ABB4E /* XCRemoteSwiftPackageReference "TextFieldEffects" */;
			productName = TextFieldEffects;
		};
/* End XCSwiftPackageProductDependency section */

/* Begin XCVersionGroup section */
		435505EF2A30743E0038B944 /* bandi_otp.xcdatamodeld */ = {
			isa = XCVersionGroup;
			children = (
				435505F02A30743E0038B944 /* bandi_otp.xcdatamodel */,
			);
			currentVersion = 435505F02A30743E0038B944 /* bandi_otp.xcdatamodel */;
			path = bandi_otp.xcdatamodeld;
			sourceTree = "<group>";
			versionGroupType = wrapper.xcdatamodel;
		};
/* End XCVersionGroup section */
	};
	rootObject = 435505DB2A30743E0038B944 /* Project object */;
}
